github.com/kettek/gobl v0.1.1-0.20210919021247-51c61bc2cc2c h1:dEpxuT/NsZG7juvvMjqYohgIn6cO5nHHL33w1CZTzbg=
github.com/kettek/gobl v0.1.1-0.20210919021247-51c61bc2cc2c/go.mod h1:x08Yfd9JU5Xqv69pggE1ieWICu+sZeMphOmhx1TSud4=
github.com/radovskyb/watcher v1.0.7 h1:AYePLih6dpmS32vlHfhCeli8127LzkIgwJGcwwe8tUE=
github.com/radovskyb/watcher v1.0.7/go.mod h1:78okwvY5wPdzcb1UYnip1pvrZNIVEIh/Cm+ZuvsUYIg=
