github.com/chimera-rpg/go-common v0.0.0-20200928110818-ccb9628f813a h1:tPCimWuO8BR30yhRNGMmW8b7tvJsg1E2+baVXbULol8=
github.com/chimera-rpg/go-common v0.0.0-20200928110818-ccb9628f813a/go.mod h1:/FwRKhQznOZpTqwkeKsxXiRD2BJVU5hU5B932mDTQnY=
github.com/kettek/gobl v0.1.1-0.20210922232941-10a74069f74f h1:Gx9SnWXR2DmIEohWQWzc8mAdxFlntS3XvUGkz0lgLNM=
github.com/kettek/gobl v0.1.1-0.20210922232941-10a74069f74f/go.mod h1:x08Yfd9JU5Xqv69pggE1ieWICu+sZeMphOmhx1TSud4=
github.com/kettek/gobl v0.1.1-0.20211001032515-e0b42f0d3dc4 h1:2NfgbZSVPP6uG4D/OSPGulTnEQjGcLCgiNKECwsK1ls=
github.com/kettek/gobl v0.1.1-0.20211001032515-e0b42f0d3dc4/go.mod h1:x08Yfd9JU5Xqv69pggE1ieWICu+sZeMphOmhx1TSud4=
github.com/radovskyb/watcher v1.0.7 h1:AYePLih6dpmS32vlHfhCeli8127LzkIgwJGcwwe8tUE=
github.com/radovskyb/watcher v1.0.7/go.mod h1:78okwvY5wPdzcb1UYnip1pvrZNIVEIh/Cm+ZuvsUYIg=
