github.com/kettek/gobl v0.0.0-20210916110253-4c96faf6d531 h1:HESIi8SM4JwV19PY6u27TKOUMBA8LjumfUJzvcFlkcs=
github.com/kettek/gobl v0.0.0-20210918234202-f534a260e4cd h1:u9HRB23b1fKwTzqX9jVy5kAjmLZ/fnJDjRkiXFplIr8=
github.com/kettek/gobl v0.0.0-20210918234202-f534a260e4cd/go.mod h1:x08Yfd9JU5Xqv69pggE1ieWICu+sZeMphOmhx1TSud4=
github.com/radovskyb/watcher v1.0.7 h1:AYePLih6dpmS32vlHfhCeli8127LzkIgwJGcwwe8tUE=
github.com/radovskyb/watcher v1.0.7/go.mod h1:78okwvY5wPdzcb1UYnip1pvrZNIVEIh/Cm+ZuvsUYIg=
